
Microsoft Visual Studio Solution File, Format Version 12.00
# Visual Studio Version 16
VisualStudioVersion = 16.0.32228.343
MinimumVisualStudioVersion = 10.0.40219.1
Project("{FAE04EC0-301F-11D3-BF4B-00C04F79EFBC}") = "WebForecast", "WebForecast\WebForecast.csproj", "{15700FC0-B664-4C76-87F8-9B80ABB226F9}"
EndProject
Global
	GlobalSection(SolutionConfigurationPlatforms) = preSolution
		Debug|Any CPU = Debug|Any CPU
		Release|Any CPU = Release|Any CPU
	EndGlobalSection
	GlobalSection(ProjectConfigurationPlatforms) = postSolution
		{15700FC0-B664-4C76-87F8-9B80ABB226F9}.Debug|Any CPU.ActiveCfg = Debug|Any CPU
		{15700FC0-B664-4C76-87F8-9B80ABB226F9}.Debug|Any CPU.Build.0 = Debug|Any CPU
		{15700FC0-B664-4C76-87F8-9B80ABB226F9}.Release|Any CPU.ActiveCfg = Release|Any CPU
		{15700FC0-B664-4C76-87F8-9B80ABB226F9}.Release|Any CPU.Build.0 = Release|Any CPU
	EndGlobalSection
	GlobalSection(SolutionProperties) = preSolution
		HideSolutionNode = FALSE
	EndGlobalSection
	GlobalSection(ExtensibilityGlobals) = postSolution
		SolutionGuid = {860E2638-35DC-4476-A068-13BB7DAC083F}
	EndGlobalSection
EndGlobal
