
Microsoft Visual Studio Solution File, Format Version 12.00
# Visual Studio Version 16
VisualStudioVersion = 16.0.32228.343
MinimumVisualStudioVersion = 10.0.40219.1
Project("{FAE04EC0-301F-11D3-BF4B-00C04F79EFBC}") = "UnitTest_Mock", "UnitTest_Mock\UnitTest_Mock.csproj", "{58BC6A4A-3007-4CF9-9FBE-15804078C88B}"
EndProject
Project("{FAE04EC0-301F-11D3-BF4B-00C04F79EFBC}") = "TestProject", "TestProject\TestProject.csproj", "{A5D18A6D-5A4D-46E3-ABBC-E940FC90B09D}"
EndProject
Global
	GlobalSection(SolutionConfigurationPlatforms) = preSolution
		Debug|Any CPU = Debug|Any CPU
		Release|Any CPU = Release|Any CPU
	EndGlobalSection
	GlobalSection(ProjectConfigurationPlatforms) = postSolution
		{58BC6A4A-3007-4CF9-9FBE-15804078C88B}.Debug|Any CPU.ActiveCfg = Debug|Any CPU
		{58BC6A4A-3007-4CF9-9FBE-15804078C88B}.Debug|Any CPU.Build.0 = Debug|Any CPU
		{58BC6A4A-3007-4CF9-9FBE-15804078C88B}.Release|Any CPU.ActiveCfg = Release|Any CPU
		{58BC6A4A-3007-4CF9-9FBE-15804078C88B}.Release|Any CPU.Build.0 = Release|Any CPU
		{A5D18A6D-5A4D-46E3-ABBC-E940FC90B09D}.Debug|Any CPU.ActiveCfg = Debug|Any CPU
		{A5D18A6D-5A4D-46E3-ABBC-E940FC90B09D}.Debug|Any CPU.Build.0 = Debug|Any CPU
		{A5D18A6D-5A4D-46E3-ABBC-E940FC90B09D}.Release|Any CPU.ActiveCfg = Release|Any CPU
		{A5D18A6D-5A4D-46E3-ABBC-E940FC90B09D}.Release|Any CPU.Build.0 = Release|Any CPU
	EndGlobalSection
	GlobalSection(SolutionProperties) = preSolution
		HideSolutionNode = FALSE
	EndGlobalSection
	GlobalSection(ExtensibilityGlobals) = postSolution
		SolutionGuid = {9DE64559-387D-4C13-AD30-54AB6B756FAB}
	EndGlobalSection
EndGlobal
